
Microsoft Visual Studio Solution File, Format Version 12.00
# Visual Studio Version 17
VisualStudioVersion = 17.12.35707.178
MinimumVisualStudioVersion = 10.0.40219.1
Project("{8BC9CEB8-8B4A-11D0-8D11-00A0C91BC942}") = "practice03", "practice\practice03\practice03.vcxproj", "{0BD72A4D-0F88-4EB3-854F-EB8E0EEB8788}"
EndProject
Project("{8BC9CEB8-8B4A-11D0-8D11-00A0C91BC942}") = "practice04", "practice\practice04\practice04.vcxproj", "{9C7A3CA6-D173-45F8-93CD-249AF45B3B48}"
EndProject
Project("{8BC9CEB8-8B4A-11D0-8D11-00A0C91BC942}") = "practice03_test", "tests\practice03_test\practice03_test.vcxproj", "{C544A32C-9DAC-4511-934A-4770970C6328}"
EndProject
Project("{8BC9CEB8-8B4A-11D0-8D11-00A0C91BC942}") = "project01", "projects\project01\project01.vcxproj", "{BA65E71C-32EF-430D-AF87-77843B0499EC}"
EndProject
Project("{8BC9CEB8-8B4A-11D0-8D11-00A0C91BC942}") = "practice06_1a", "practice\practice06\practice06_1a\practice06_1a.vcxproj", "{04B1D10B-2FB1-4329-BED2-ADF0C6C84665}"
EndProject
Project("{8BC9CEB8-8B4A-11D0-8D11-00A0C91BC942}") = "Tutorial5", "ConsoleApplication1\ConsoleApplication1.vcxproj", "{79BF32EF-DAB6-46E9-8114-96FE5A972282}"
EndProject
Project("{8BC9CEB8-8B4A-11D0-8D11-00A0C91BC942}") = "practice05_1a", "practice\practice05\practice05_1a\practice05_1a.vcxproj", "{C2C74C0B-A235-43EF-9E0E-AA870E7A5EFD}"
EndProject
Project("{8BC9CEB8-8B4A-11D0-8D11-00A0C91BC942}") = "practice05_2a", "practice\practice05\practice05_2a\practice05_2a.vcxproj", "{131B4B81-A203-4B7B-850B-CE971C1D2334}"
EndProject
Project("{8BC9CEB8-8B4A-11D0-8D11-00A0C91BC942}") = "practice05_3a", "practice\practice05\practice05_3a\practice05_3a.vcxproj", "{825566F1-CF6C-44E4-964E-F39858BF9367}"
EndProject
Project("{8BC9CEB8-8B4A-11D0-8D11-00A0C91BC942}") = "Tutorial6", "ConsoleApplication1\Tutorial6\Tutorial6.vcxproj", "{6C45B6F5-479D-42BF-A467-B64E2B59E88F}"
EndProject
Project("{8BC9CEB8-8B4A-11D0-8D11-00A0C91BC942}") = "Tutorial1", "ConsoleApplication1\Tutorial1\Tutorial1.vcxproj", "{F986C504-A2C5-4E80-A889-4BD87184FE4C}"
EndProject
Project("{8BC9CEB8-8B4A-11D0-8D11-00A0C91BC942}") = "Tutorial2", "ConsoleApplication1\Tutorial2\Tutorial2.vcxproj", "{3379C86E-CCD7-4EC3-B6AB-5EBB36F733E2}"
EndProject
Project("{8BC9CEB8-8B4A-11D0-8D11-00A0C91BC942}") = "Tutorial3", "ConsoleApplication1\Tutorial3\Tutorial3.vcxproj", "{6ABDAC4A-2D55-4125-B012-1035E3980281}"
EndProject
Project("{8BC9CEB8-8B4A-11D0-8D11-00A0C91BC942}") = "Tutorial4", "Tutorial4\Tutorial4.vcxproj", "{499EA296-96EB-456F-8495-E1BF88CE9FAB}"
EndProject
Project("{8BC9CEB8-8B4A-11D0-8D11-00A0C91BC942}") = "Tutorial7", "ConsoleApplication1\Tutorial7\Tutorial7.vcxproj", "{84D11513-2D26-45C2-B77F-B5515395CB6A}"
EndProject
Project("{8BC9CEB8-8B4A-11D0-8D11-00A0C91BC942}") = "MidtermQuestion1", "ConsoleApplication1\MidtermQuestion1\MidtermQuestion1.vcxproj", "{8D07719D-D16C-45EA-97DB-6E50D718881A}"
EndProject
Project("{8BC9CEB8-8B4A-11D0-8D11-00A0C91BC942}") = "MidtermQuestion2", "ConsoleApplication1\MidtermQuestion2\MidtermQuestion2.vcxproj", "{594A6D12-9FA9-4FF2-8CAB-CD2A7F64449A}"
EndProject
Project("{8BC9CEB8-8B4A-11D0-8D11-00A0C91BC942}") = "project02", "projects\project02\project02.vcxproj", "{EEB46B87-93BD-4A2E-A2DC-FC2F285E0BAB}"
EndProject
Project("{8BC9CEB8-8B4A-11D0-8D11-00A0C91BC942}") = "Tutorial9", "ConsoleApplication1\Tutorial9\Tutorial9.vcxproj", "{5B003564-B3A6-4E8A-BD00-DC9EB98AF502}"
EndProject
Project("{8BC9CEB8-8B4A-11D0-8D11-00A0C91BC942}") = "Project4-a", "ConsoleApplication2\ConsoleApplication2.vcxproj", "{E03D62ED-6096-4809-8CB3-8EC458E8542C}"
EndProject
Project("{8BC9CEB8-8B4A-11D0-8D11-00A0C91BC942}") = "practice12", "practice\practice12\practice12.vcxproj", "{EB81F8AF-D638-4E37-BFB0-4E4A9445C7FC}"
EndProject
Project("{8BC9CEB8-8B4A-11D0-8D11-00A0C91BC942}") = "Tutorial10", "ConsoleApplication1\Tutorial10\Tutorial10.vcxproj", "{04BFF80F-0D41-4A21-8B91-BB1A22BD0BDD}"
EndProject
Project("{8BC9CEB8-8B4A-11D0-8D11-00A0C91BC942}") = "Tutorial14", "ConsoleApplication1\Tutorial14\Tutorial14.vcxproj", "{0FCBE378-04B7-414B-AE55-673F44AFCB61}"
EndProject
Project("{8BC9CEB8-8B4A-11D0-8D11-00A0C91BC942}") = "practice10", "practice\practice10\practice10.vcxproj", "{1C53225D-0AA7-4D5E-B98F-0A7DB0754ABE}"
EndProject
Project("{8BC9CEB8-8B4A-11D0-8D11-00A0C91BC942}") = "practice09", "practice\practice09\practice09.vcxproj", "{99B03B2C-6EA0-44E2-BA88-DC7D734D8A1D}"
EndProject
Project("{8BC9CEB8-8B4A-11D0-8D11-00A0C91BC942}") = "Project4", "projects\Project4\Project4.vcxproj", "{67C98F65-3268-4967-9D5F-5A340629DAAB}"
EndProject
Global
	GlobalSection(SolutionConfigurationPlatforms) = preSolution
		Debug|x64 = Debug|x64
		Debug|x86 = Debug|x86
		Release|x64 = Release|x64
		Release|x86 = Release|x86
	EndGlobalSection
	GlobalSection(ProjectConfigurationPlatforms) = postSolution
		{0BD72A4D-0F88-4EB3-854F-EB8E0EEB8788}.Debug|x64.ActiveCfg = Debug|x64
		{0BD72A4D-0F88-4EB3-854F-EB8E0EEB8788}.Debug|x64.Build.0 = Debug|x64
		{0BD72A4D-0F88-4EB3-854F-EB8E0EEB8788}.Debug|x86.ActiveCfg = Debug|Win32
		{0BD72A4D-0F88-4EB3-854F-EB8E0EEB8788}.Debug|x86.Build.0 = Debug|Win32
		{0BD72A4D-0F88-4EB3-854F-EB8E0EEB8788}.Release|x64.ActiveCfg = Release|x64
		{0BD72A4D-0F88-4EB3-854F-EB8E0EEB8788}.Release|x64.Build.0 = Release|x64
		{0BD72A4D-0F88-4EB3-854F-EB8E0EEB8788}.Release|x86.ActiveCfg = Release|Win32
		{0BD72A4D-0F88-4EB3-854F-EB8E0EEB8788}.Release|x86.Build.0 = Release|Win32
		{9C7A3CA6-D173-45F8-93CD-249AF45B3B48}.Debug|x64.ActiveCfg = Debug|x64
		{9C7A3CA6-D173-45F8-93CD-249AF45B3B48}.Debug|x64.Build.0 = Debug|x64
		{9C7A3CA6-D173-45F8-93CD-249AF45B3B48}.Debug|x86.ActiveCfg = Debug|Win32
		{9C7A3CA6-D173-45F8-93CD-249AF45B3B48}.Debug|x86.Build.0 = Debug|Win32
		{9C7A3CA6-D173-45F8-93CD-249AF45B3B48}.Release|x64.ActiveCfg = Release|x64
		{9C7A3CA6-D173-45F8-93CD-249AF45B3B48}.Release|x64.Build.0 = Release|x64
		{9C7A3CA6-D173-45F8-93CD-249AF45B3B48}.Release|x86.ActiveCfg = Release|Win32
		{9C7A3CA6-D173-45F8-93CD-249AF45B3B48}.Release|x86.Build.0 = Release|Win32
		{C544A32C-9DAC-4511-934A-4770970C6328}.Debug|x64.ActiveCfg = Debug|x64
		{C544A32C-9DAC-4511-934A-4770970C6328}.Debug|x64.Build.0 = Debug|x64
		{C544A32C-9DAC-4511-934A-4770970C6328}.Debug|x86.ActiveCfg = Debug|Win32
		{C544A32C-9DAC-4511-934A-4770970C6328}.Debug|x86.Build.0 = Debug|Win32
		{C544A32C-9DAC-4511-934A-4770970C6328}.Release|x64.ActiveCfg = Release|x64
		{C544A32C-9DAC-4511-934A-4770970C6328}.Release|x64.Build.0 = Release|x64
		{C544A32C-9DAC-4511-934A-4770970C6328}.Release|x86.ActiveCfg = Release|Win32
		{C544A32C-9DAC-4511-934A-4770970C6328}.Release|x86.Build.0 = Release|Win32
		{BA65E71C-32EF-430D-AF87-77843B0499EC}.Debug|x64.ActiveCfg = Debug|x64
		{BA65E71C-32EF-430D-AF87-77843B0499EC}.Debug|x64.Build.0 = Debug|x64
		{BA65E71C-32EF-430D-AF87-77843B0499EC}.Debug|x86.ActiveCfg = Debug|Win32
		{BA65E71C-32EF-430D-AF87-77843B0499EC}.Debug|x86.Build.0 = Debug|Win32
		{BA65E71C-32EF-430D-AF87-77843B0499EC}.Release|x64.ActiveCfg = Release|x64
		{BA65E71C-32EF-430D-AF87-77843B0499EC}.Release|x64.Build.0 = Release|x64
		{BA65E71C-32EF-430D-AF87-77843B0499EC}.Release|x86.ActiveCfg = Release|Win32
		{BA65E71C-32EF-430D-AF87-77843B0499EC}.Release|x86.Build.0 = Release|Win32
		{04B1D10B-2FB1-4329-BED2-ADF0C6C84665}.Debug|x64.ActiveCfg = Debug|x64
		{04B1D10B-2FB1-4329-BED2-ADF0C6C84665}.Debug|x64.Build.0 = Debug|x64
		{04B1D10B-2FB1-4329-BED2-ADF0C6C84665}.Debug|x86.ActiveCfg = Debug|Win32
		{04B1D10B-2FB1-4329-BED2-ADF0C6C84665}.Debug|x86.Build.0 = Debug|Win32
		{04B1D10B-2FB1-4329-BED2-ADF0C6C84665}.Release|x64.ActiveCfg = Release|x64
		{04B1D10B-2FB1-4329-BED2-ADF0C6C84665}.Release|x64.Build.0 = Release|x64
		{04B1D10B-2FB1-4329-BED2-ADF0C6C84665}.Release|x86.ActiveCfg = Release|Win32
		{04B1D10B-2FB1-4329-BED2-ADF0C6C84665}.Release|x86.Build.0 = Release|Win32
		{79BF32EF-DAB6-46E9-8114-96FE5A972282}.Debug|x64.ActiveCfg = Debug|x64
		{79BF32EF-DAB6-46E9-8114-96FE5A972282}.Debug|x64.Build.0 = Debug|x64
		{79BF32EF-DAB6-46E9-8114-96FE5A972282}.Debug|x86.ActiveCfg = Debug|Win32
		{79BF32EF-DAB6-46E9-8114-96FE5A972282}.Debug|x86.Build.0 = Debug|Win32
		{79BF32EF-DAB6-46E9-8114-96FE5A972282}.Release|x64.ActiveCfg = Release|x64
		{79BF32EF-DAB6-46E9-8114-96FE5A972282}.Release|x64.Build.0 = Release|x64
		{79BF32EF-DAB6-46E9-8114-96FE5A972282}.Release|x86.ActiveCfg = Release|Win32
		{79BF32EF-DAB6-46E9-8114-96FE5A972282}.Release|x86.Build.0 = Release|Win32
		{C2C74C0B-A235-43EF-9E0E-AA870E7A5EFD}.Debug|x64.ActiveCfg = Debug|x64
		{C2C74C0B-A235-43EF-9E0E-AA870E7A5EFD}.Debug|x64.Build.0 = Debug|x64
		{C2C74C0B-A235-43EF-9E0E-AA870E7A5EFD}.Debug|x86.ActiveCfg = Debug|Win32
		{C2C74C0B-A235-43EF-9E0E-AA870E7A5EFD}.Debug|x86.Build.0 = Debug|Win32
		{C2C74C0B-A235-43EF-9E0E-AA870E7A5EFD}.Release|x64.ActiveCfg = Release|x64
		{C2C74C0B-A235-43EF-9E0E-AA870E7A5EFD}.Release|x64.Build.0 = Release|x64
		{C2C74C0B-A235-43EF-9E0E-AA870E7A5EFD}.Release|x86.ActiveCfg = Release|Win32
		{C2C74C0B-A235-43EF-9E0E-AA870E7A5EFD}.Release|x86.Build.0 = Release|Win32
		{131B4B81-A203-4B7B-850B-CE971C1D2334}.Debug|x64.ActiveCfg = Debug|x64
		{131B4B81-A203-4B7B-850B-CE971C1D2334}.Debug|x64.Build.0 = Debug|x64
		{131B4B81-A203-4B7B-850B-CE971C1D2334}.Debug|x86.ActiveCfg = Debug|Win32
		{131B4B81-A203-4B7B-850B-CE971C1D2334}.Debug|x86.Build.0 = Debug|Win32
		{131B4B81-A203-4B7B-850B-CE971C1D2334}.Release|x64.ActiveCfg = Release|x64
		{131B4B81-A203-4B7B-850B-CE971C1D2334}.Release|x64.Build.0 = Release|x64
		{131B4B81-A203-4B7B-850B-CE971C1D2334}.Release|x86.ActiveCfg = Release|Win32
		{131B4B81-A203-4B7B-850B-CE971C1D2334}.Release|x86.Build.0 = Release|Win32
		{825566F1-CF6C-44E4-964E-F39858BF9367}.Debug|x64.ActiveCfg = Debug|x64
		{825566F1-CF6C-44E4-964E-F39858BF9367}.Debug|x64.Build.0 = Debug|x64
		{825566F1-CF6C-44E4-964E-F39858BF9367}.Debug|x86.ActiveCfg = Debug|Win32
		{825566F1-CF6C-44E4-964E-F39858BF9367}.Debug|x86.Build.0 = Debug|Win32
		{825566F1-CF6C-44E4-964E-F39858BF9367}.Release|x64.ActiveCfg = Release|x64
		{825566F1-CF6C-44E4-964E-F39858BF9367}.Release|x64.Build.0 = Release|x64
		{825566F1-CF6C-44E4-964E-F39858BF9367}.Release|x86.ActiveCfg = Release|Win32
		{825566F1-CF6C-44E4-964E-F39858BF9367}.Release|x86.Build.0 = Release|Win32
		{6C45B6F5-479D-42BF-A467-B64E2B59E88F}.Debug|x64.ActiveCfg = Debug|x64
		{6C45B6F5-479D-42BF-A467-B64E2B59E88F}.Debug|x64.Build.0 = Debug|x64
		{6C45B6F5-479D-42BF-A467-B64E2B59E88F}.Debug|x86.ActiveCfg = Debug|Win32
		{6C45B6F5-479D-42BF-A467-B64E2B59E88F}.Debug|x86.Build.0 = Debug|Win32
		{6C45B6F5-479D-42BF-A467-B64E2B59E88F}.Release|x64.ActiveCfg = Release|x64
		{6C45B6F5-479D-42BF-A467-B64E2B59E88F}.Release|x64.Build.0 = Release|x64
		{6C45B6F5-479D-42BF-A467-B64E2B59E88F}.Release|x86.ActiveCfg = Release|Win32
		{6C45B6F5-479D-42BF-A467-B64E2B59E88F}.Release|x86.Build.0 = Release|Win32
		{F986C504-A2C5-4E80-A889-4BD87184FE4C}.Debug|x64.ActiveCfg = Debug|x64
		{F986C504-A2C5-4E80-A889-4BD87184FE4C}.Debug|x64.Build.0 = Debug|x64
		{F986C504-A2C5-4E80-A889-4BD87184FE4C}.Debug|x86.ActiveCfg = Debug|Win32
		{F986C504-A2C5-4E80-A889-4BD87184FE4C}.Debug|x86.Build.0 = Debug|Win32
		{F986C504-A2C5-4E80-A889-4BD87184FE4C}.Release|x64.ActiveCfg = Release|x64
		{F986C504-A2C5-4E80-A889-4BD87184FE4C}.Release|x64.Build.0 = Release|x64
		{F986C504-A2C5-4E80-A889-4BD87184FE4C}.Release|x86.ActiveCfg = Release|Win32
		{F986C504-A2C5-4E80-A889-4BD87184FE4C}.Release|x86.Build.0 = Release|Win32
		{3379C86E-CCD7-4EC3-B6AB-5EBB36F733E2}.Debug|x64.ActiveCfg = Debug|x64
		{3379C86E-CCD7-4EC3-B6AB-5EBB36F733E2}.Debug|x64.Build.0 = Debug|x64
		{3379C86E-CCD7-4EC3-B6AB-5EBB36F733E2}.Debug|x86.ActiveCfg = Debug|Win32
		{3379C86E-CCD7-4EC3-B6AB-5EBB36F733E2}.Debug|x86.Build.0 = Debug|Win32
		{3379C86E-CCD7-4EC3-B6AB-5EBB36F733E2}.Release|x64.ActiveCfg = Release|x64
		{3379C86E-CCD7-4EC3-B6AB-5EBB36F733E2}.Release|x64.Build.0 = Release|x64
		{3379C86E-CCD7-4EC3-B6AB-5EBB36F733E2}.Release|x86.ActiveCfg = Release|Win32
		{3379C86E-CCD7-4EC3-B6AB-5EBB36F733E2}.Release|x86.Build.0 = Release|Win32
		{6ABDAC4A-2D55-4125-B012-1035E3980281}.Debug|x64.ActiveCfg = Debug|x64
		{6ABDAC4A-2D55-4125-B012-1035E3980281}.Debug|x64.Build.0 = Debug|x64
		{6ABDAC4A-2D55-4125-B012-1035E3980281}.Debug|x86.ActiveCfg = Debug|Win32
		{6ABDAC4A-2D55-4125-B012-1035E3980281}.Debug|x86.Build.0 = Debug|Win32
		{6ABDAC4A-2D55-4125-B012-1035E3980281}.Release|x64.ActiveCfg = Release|x64
		{6ABDAC4A-2D55-4125-B012-1035E3980281}.Release|x64.Build.0 = Release|x64
		{6ABDAC4A-2D55-4125-B012-1035E3980281}.Release|x86.ActiveCfg = Release|Win32
		{6ABDAC4A-2D55-4125-B012-1035E3980281}.Release|x86.Build.0 = Release|Win32
		{499EA296-96EB-456F-8495-E1BF88CE9FAB}.Debug|x64.ActiveCfg = Debug|x64
		{499EA296-96EB-456F-8495-E1BF88CE9FAB}.Debug|x64.Build.0 = Debug|x64
		{499EA296-96EB-456F-8495-E1BF88CE9FAB}.Debug|x86.ActiveCfg = Debug|Win32
		{499EA296-96EB-456F-8495-E1BF88CE9FAB}.Debug|x86.Build.0 = Debug|Win32
		{499EA296-96EB-456F-8495-E1BF88CE9FAB}.Release|x64.ActiveCfg = Release|x64
		{499EA296-96EB-456F-8495-E1BF88CE9FAB}.Release|x64.Build.0 = Release|x64
		{499EA296-96EB-456F-8495-E1BF88CE9FAB}.Release|x86.ActiveCfg = Release|Win32
		{499EA296-96EB-456F-8495-E1BF88CE9FAB}.Release|x86.Build.0 = Release|Win32
		{84D11513-2D26-45C2-B77F-B5515395CB6A}.Debug|x64.ActiveCfg = Debug|x64
		{84D11513-2D26-45C2-B77F-B5515395CB6A}.Debug|x64.Build.0 = Debug|x64
		{84D11513-2D26-45C2-B77F-B5515395CB6A}.Debug|x86.ActiveCfg = Debug|Win32
		{84D11513-2D26-45C2-B77F-B5515395CB6A}.Debug|x86.Build.0 = Debug|Win32
		{84D11513-2D26-45C2-B77F-B5515395CB6A}.Release|x64.ActiveCfg = Release|x64
		{84D11513-2D26-45C2-B77F-B5515395CB6A}.Release|x64.Build.0 = Release|x64
		{84D11513-2D26-45C2-B77F-B5515395CB6A}.Release|x86.ActiveCfg = Release|Win32
		{84D11513-2D26-45C2-B77F-B5515395CB6A}.Release|x86.Build.0 = Release|Win32
		{8D07719D-D16C-45EA-97DB-6E50D718881A}.Debug|x64.ActiveCfg = Debug|x64
		{8D07719D-D16C-45EA-97DB-6E50D718881A}.Debug|x64.Build.0 = Debug|x64
		{8D07719D-D16C-45EA-97DB-6E50D718881A}.Debug|x86.ActiveCfg = Debug|Win32
		{8D07719D-D16C-45EA-97DB-6E50D718881A}.Debug|x86.Build.0 = Debug|Win32
		{8D07719D-D16C-45EA-97DB-6E50D718881A}.Release|x64.ActiveCfg = Release|x64
		{8D07719D-D16C-45EA-97DB-6E50D718881A}.Release|x64.Build.0 = Release|x64
		{8D07719D-D16C-45EA-97DB-6E50D718881A}.Release|x86.ActiveCfg = Release|Win32
		{8D07719D-D16C-45EA-97DB-6E50D718881A}.Release|x86.Build.0 = Release|Win32
		{594A6D12-9FA9-4FF2-8CAB-CD2A7F64449A}.Debug|x64.ActiveCfg = Debug|x64
		{594A6D12-9FA9-4FF2-8CAB-CD2A7F64449A}.Debug|x64.Build.0 = Debug|x64
		{594A6D12-9FA9-4FF2-8CAB-CD2A7F64449A}.Debug|x86.ActiveCfg = Debug|Win32
		{594A6D12-9FA9-4FF2-8CAB-CD2A7F64449A}.Debug|x86.Build.0 = Debug|Win32
		{594A6D12-9FA9-4FF2-8CAB-CD2A7F64449A}.Release|x64.ActiveCfg = Release|x64
		{594A6D12-9FA9-4FF2-8CAB-CD2A7F64449A}.Release|x64.Build.0 = Release|x64
		{594A6D12-9FA9-4FF2-8CAB-CD2A7F64449A}.Release|x86.ActiveCfg = Release|Win32
		{594A6D12-9FA9-4FF2-8CAB-CD2A7F64449A}.Release|x86.Build.0 = Release|Win32
		{EEB46B87-93BD-4A2E-A2DC-FC2F285E0BAB}.Debug|x64.ActiveCfg = Debug|x64
		{EEB46B87-93BD-4A2E-A2DC-FC2F285E0BAB}.Debug|x64.Build.0 = Debug|x64
		{EEB46B87-93BD-4A2E-A2DC-FC2F285E0BAB}.Debug|x86.ActiveCfg = Debug|Win32
		{EEB46B87-93BD-4A2E-A2DC-FC2F285E0BAB}.Debug|x86.Build.0 = Debug|Win32
		{EEB46B87-93BD-4A2E-A2DC-FC2F285E0BAB}.Release|x64.ActiveCfg = Release|x64
		{EEB46B87-93BD-4A2E-A2DC-FC2F285E0BAB}.Release|x64.Build.0 = Release|x64
		{EEB46B87-93BD-4A2E-A2DC-FC2F285E0BAB}.Release|x86.ActiveCfg = Release|Win32
		{EEB46B87-93BD-4A2E-A2DC-FC2F285E0BAB}.Release|x86.Build.0 = Release|Win32
		{5B003564-B3A6-4E8A-BD00-DC9EB98AF502}.Debug|x64.ActiveCfg = Debug|x64
		{5B003564-B3A6-4E8A-BD00-DC9EB98AF502}.Debug|x64.Build.0 = Debug|x64
		{5B003564-B3A6-4E8A-BD00-DC9EB98AF502}.Debug|x86.ActiveCfg = Debug|Win32
		{5B003564-B3A6-4E8A-BD00-DC9EB98AF502}.Debug|x86.Build.0 = Debug|Win32
		{5B003564-B3A6-4E8A-BD00-DC9EB98AF502}.Release|x64.ActiveCfg = Release|x64
		{5B003564-B3A6-4E8A-BD00-DC9EB98AF502}.Release|x64.Build.0 = Release|x64
		{5B003564-B3A6-4E8A-BD00-DC9EB98AF502}.Release|x86.ActiveCfg = Release|Win32
		{5B003564-B3A6-4E8A-BD00-DC9EB98AF502}.Release|x86.Build.0 = Release|Win32
		{E03D62ED-6096-4809-8CB3-8EC458E8542C}.Debug|x64.ActiveCfg = Debug|x64
		{E03D62ED-6096-4809-8CB3-8EC458E8542C}.Debug|x64.Build.0 = Debug|x64
		{E03D62ED-6096-4809-8CB3-8EC458E8542C}.Debug|x86.ActiveCfg = Debug|Win32
		{E03D62ED-6096-4809-8CB3-8EC458E8542C}.Debug|x86.Build.0 = Debug|Win32
		{E03D62ED-6096-4809-8CB3-8EC458E8542C}.Release|x64.ActiveCfg = Release|x64
		{E03D62ED-6096-4809-8CB3-8EC458E8542C}.Release|x64.Build.0 = Release|x64
		{E03D62ED-6096-4809-8CB3-8EC458E8542C}.Release|x86.ActiveCfg = Release|Win32
		{E03D62ED-6096-4809-8CB3-8EC458E8542C}.Release|x86.Build.0 = Release|Win32
		{EB81F8AF-D638-4E37-BFB0-4E4A9445C7FC}.Debug|x64.ActiveCfg = Debug|x64
		{EB81F8AF-D638-4E37-BFB0-4E4A9445C7FC}.Debug|x64.Build.0 = Debug|x64
		{EB81F8AF-D638-4E37-BFB0-4E4A9445C7FC}.Debug|x86.ActiveCfg = Debug|Win32
		{EB81F8AF-D638-4E37-BFB0-4E4A9445C7FC}.Debug|x86.Build.0 = Debug|Win32
		{EB81F8AF-D638-4E37-BFB0-4E4A9445C7FC}.Release|x64.ActiveCfg = Release|x64
		{EB81F8AF-D638-4E37-BFB0-4E4A9445C7FC}.Release|x64.Build.0 = Release|x64
		{EB81F8AF-D638-4E37-BFB0-4E4A9445C7FC}.Release|x86.ActiveCfg = Release|Win32
		{EB81F8AF-D638-4E37-BFB0-4E4A9445C7FC}.Release|x86.Build.0 = Release|Win32
		{04BFF80F-0D41-4A21-8B91-BB1A22BD0BDD}.Debug|x64.ActiveCfg = Debug|x64
		{04BFF80F-0D41-4A21-8B91-BB1A22BD0BDD}.Debug|x64.Build.0 = Debug|x64
		{04BFF80F-0D41-4A21-8B91-BB1A22BD0BDD}.Debug|x86.ActiveCfg = Debug|Win32
		{04BFF80F-0D41-4A21-8B91-BB1A22BD0BDD}.Debug|x86.Build.0 = Debug|Win32
		{04BFF80F-0D41-4A21-8B91-BB1A22BD0BDD}.Release|x64.ActiveCfg = Release|x64
		{04BFF80F-0D41-4A21-8B91-BB1A22BD0BDD}.Release|x64.Build.0 = Release|x64
		{04BFF80F-0D41-4A21-8B91-BB1A22BD0BDD}.Release|x86.ActiveCfg = Release|Win32
		{04BFF80F-0D41-4A21-8B91-BB1A22BD0BDD}.Release|x86.Build.0 = Release|Win32
		{0FCBE378-04B7-414B-AE55-673F44AFCB61}.Debug|x64.ActiveCfg = Debug|x64
		{0FCBE378-04B7-414B-AE55-673F44AFCB61}.Debug|x64.Build.0 = Debug|x64
		{0FCBE378-04B7-414B-AE55-673F44AFCB61}.Debug|x86.ActiveCfg = Debug|Win32
		{0FCBE378-04B7-414B-AE55-673F44AFCB61}.Debug|x86.Build.0 = Debug|Win32
		{0FCBE378-04B7-414B-AE55-673F44AFCB61}.Release|x64.ActiveCfg = Release|x64
		{0FCBE378-04B7-414B-AE55-673F44AFCB61}.Release|x64.Build.0 = Release|x64
		{0FCBE378-04B7-414B-AE55-673F44AFCB61}.Release|x86.ActiveCfg = Release|Win32
		{0FCBE378-04B7-414B-AE55-673F44AFCB61}.Release|x86.Build.0 = Release|Win32
		{1C53225D-0AA7-4D5E-B98F-0A7DB0754ABE}.Debug|x64.ActiveCfg = Debug|x64
		{1C53225D-0AA7-4D5E-B98F-0A7DB0754ABE}.Debug|x64.Build.0 = Debug|x64
		{1C53225D-0AA7-4D5E-B98F-0A7DB0754ABE}.Debug|x86.ActiveCfg = Debug|Win32
		{1C53225D-0AA7-4D5E-B98F-0A7DB0754ABE}.Debug|x86.Build.0 = Debug|Win32
		{1C53225D-0AA7-4D5E-B98F-0A7DB0754ABE}.Release|x64.ActiveCfg = Release|x64
		{1C53225D-0AA7-4D5E-B98F-0A7DB0754ABE}.Release|x64.Build.0 = Release|x64
		{1C53225D-0AA7-4D5E-B98F-0A7DB0754ABE}.Release|x86.ActiveCfg = Release|Win32
		{1C53225D-0AA7-4D5E-B98F-0A7DB0754ABE}.Release|x86.Build.0 = Release|Win32
		{99B03B2C-6EA0-44E2-BA88-DC7D734D8A1D}.Debug|x64.ActiveCfg = Debug|x64
		{99B03B2C-6EA0-44E2-BA88-DC7D734D8A1D}.Debug|x64.Build.0 = Debug|x64
		{99B03B2C-6EA0-44E2-BA88-DC7D734D8A1D}.Debug|x86.ActiveCfg = Debug|Win32
		{99B03B2C-6EA0-44E2-BA88-DC7D734D8A1D}.Debug|x86.Build.0 = Debug|Win32
		{99B03B2C-6EA0-44E2-BA88-DC7D734D8A1D}.Release|x64.ActiveCfg = Release|x64
		{99B03B2C-6EA0-44E2-BA88-DC7D734D8A1D}.Release|x64.Build.0 = Release|x64
		{99B03B2C-6EA0-44E2-BA88-DC7D734D8A1D}.Release|x86.ActiveCfg = Release|Win32
		{99B03B2C-6EA0-44E2-BA88-DC7D734D8A1D}.Release|x86.Build.0 = Release|Win32
		{67C98F65-3268-4967-9D5F-5A340629DAAB}.Debug|x64.ActiveCfg = Debug|x64
		{67C98F65-3268-4967-9D5F-5A340629DAAB}.Debug|x64.Build.0 = Debug|x64
		{67C98F65-3268-4967-9D5F-5A340629DAAB}.Debug|x86.ActiveCfg = Debug|Win32
		{67C98F65-3268-4967-9D5F-5A340629DAAB}.Debug|x86.Build.0 = Debug|Win32
		{67C98F65-3268-4967-9D5F-5A340629DAAB}.Release|x64.ActiveCfg = Release|x64
		{67C98F65-3268-4967-9D5F-5A340629DAAB}.Release|x64.Build.0 = Release|x64
		{67C98F65-3268-4967-9D5F-5A340629DAAB}.Release|x86.ActiveCfg = Release|Win32
		{67C98F65-3268-4967-9D5F-5A340629DAAB}.Release|x86.Build.0 = Release|Win32
	EndGlobalSection
	GlobalSection(SolutionProperties) = preSolution
		HideSolutionNode = FALSE
	EndGlobalSection
	GlobalSection(ExtensibilityGlobals) = postSolution
		SolutionGuid = {D01B0E58-E15B-4B4A-AC1C-6A7EF7BDEE57}
	EndGlobalSection
EndGlobal
